// !$*UTF8*$!
{
	archiveVersion = 1;
	classes = {
	};
	objectVersion = 46;
	objects = {

/* Begin PBXBuildFile section */
		AAED908D1E88A04D003E1274 /* AppDelegate.swift in Sources */ = {isa = PBXBuildFile; fileRef = AAED908C1E88A04D003E1274 /* AppDelegate.swift */; };
		AAED908F1E88A04D003E1274 /* ViewController.swift in Sources */ = {isa = PBXBuildFile; fileRef = AAED908E1E88A04D003E1274 /* ViewController.swift */; };
		AAED90921E88A04D003E1274 /* Main.storyboard in Resources */ = {isa = PBXBuildFile; fileRef = AAED90901E88A04D003E1274 /* Main.storyboard */; };
		AAED90941E88A04D003E1274 /* Assets.xcassets in Resources */ = {isa = PBXBuildFile; fileRef = AAED90931E88A04D003E1274 /* Assets.xcassets */; };
		AAED90971E88A04D003E1274 /* LaunchScreen.storyboard in Resources */ = {isa = PBXBuildFile; fileRef = AAED90951E88A04D003E1274 /* LaunchScreen.storyboard */; };
		AAED90A11E88A8C4003E1274 /* pokemon.csv in Resources */ = {isa = PBXBuildFile; fileRef = AAED90A01E88A8C4003E1274 /* pokemon.csv */; };
/* End PBXBuildFile section */

/* Begin PBXFileReference section */
		AAED90891E88A04D003E1274 /* pokedex3.app */ = {isa = PBXFileReference; explicitFileType = wrapper.application; includeInIndex = 0; path = pokedex3.app; sourceTree = BUILT_PRODUCTS_DIR; };
		AAED908C1E88A04D003E1274 /* AppDelegate.swift */ = {isa = PBXFileReference; lastKnownFileType = sourcecode.swift; path = AppDelegate.swift; sourceTree = "<group>"; };
		AAED908E1E88A04D003E1274 /* ViewController.swift */ = {isa = PBXFileReference; lastKnownFileType = sourcecode.swift; path = ViewController.swift; sourceTree = "<group>"; };
		AAED90911E88A04D003E1274 /* Base */ = {isa = PBXFileReference; lastKnownFileType = file.storyboard; name = Base; path = Base.lproj/Main.storyboard; sourceTree = "<group>"; };
		AAED90931E88A04D003E1274 /* Assets.xcassets */ = {isa = PBXFileReference; lastKnownFileType = folder.assetcatalog; path = Assets.xcassets; sourceTree = "<group>"; };
		AAED90961E88A04D003E1274 /* Base */ = {isa = PBXFileReference; lastKnownFileType = file.storyboard; name = Base; path = Base.lproj/LaunchScreen.storyboard; sourceTree = "<group>"; };
		AAED90981E88A04D003E1274 /* Info.plist */ = {isa = PBXFileReference; lastKnownFileType = text.plist.xml; path = Info.plist; sourceTree = "<group>"; };
		AAED90A01E88A8C4003E1274 /* pokemon.csv */ = {isa = PBXFileReference; fileEncoding = 4; lastKnownFileType = text; path = pokemon.csv; sourceTree = "<group>"; };
/* End PBXFileReference section */

/* Begin PBXFrameworksBuildPhase section */
		AAED90861E88A04D003E1274 /* Frameworks */ = {
			isa = PBXFrameworksBuildPhase;
			buildActionMask = 2147483647;
			files = (
			);
			runOnlyForDeploymentPostprocessing = 0;
		};
/* End PBXFrameworksBuildPhase section */

/* Begin PBXGroup section */
		AAED90801E88A04D003E1274 = {
			isa = PBXGroup;
			children = (
				AAED908B1E88A04D003E1274 /* pokedex3 */,
				AAED908A1E88A04D003E1274 /* Products */,
			);
			sourceTree = "<group>";
		};
		AAED908A1E88A04D003E1274 /* Products */ = {
			isa = PBXGroup;
			children = (
				AAED90891E88A04D003E1274 /* pokedex3.app */,
			);
			name = Products;
			sourceTree = "<group>";
		};
		AAED908B1E88A04D003E1274 /* pokedex3 */ = {
			isa = PBXGroup;
			children = (
				AAED908C1E88A04D003E1274 /* AppDelegate.swift */,
				AAED908E1E88A04D003E1274 /* ViewController.swift */,
				AAED90901E88A04D003E1274 /* Main.storyboard */,
				AAED90931E88A04D003E1274 /* Assets.xcassets */,
				AAED90A01E88A8C4003E1274 /* pokemon.csv */,
				AAED90951E88A04D003E1274 /* LaunchScreen.storyboard */,
				AAED90981E88A04D003E1274 /* Info.plist */,
			);
			path = pokedex3;
			sourceTree = "<group>";
		};
/* End PBXGroup section */

/* Begin PBXNativeTarget section */
		AAED90881E88A04D003E1274 /* pokedex3 */ = {
			isa = PBXNativeTarget;
			buildConfigurationList = AAED909B1E88A04D003E1274 /* Build configuration list for PBXNativeTarget "pokedex3" */;
			buildPhases = (
				AAED90851E88A04D003E1274 /* Sources */,
				AAED90861E88A04D003E1274 /* Frameworks */,
				AAED90871E88A04D003E1274 /* Resources */,
			);
			buildRules = (
			);
			dependencies = (
			);
			name = pokedex3;
			productName = pokedex3;
			productReference = AAED90891E88A04D003E1274 /* pokedex3.app */;
			productType = "com.apple.product-type.application";
		};
/* End PBXNativeTarget section */

/* Begin PBXProject section */
		AAED90811E88A04D003E1274 /* Project object */ = {
			isa = PBXProject;
			attributes = {
				LastSwiftUpdateCheck = 0820;
				LastUpgradeCheck = 0820;
				ORGANIZATIONNAME = "Luis Guillermo";
				TargetAttributes = {
					AAED90881E88A04D003E1274 = {
						CreatedOnToolsVersion = 8.2.1;
						DevelopmentTeam = LLDJUXZ7BP;
						ProvisioningStyle = Automatic;
					};
				};
			};
			buildConfigurationList = AAED90841E88A04D003E1274 /* Build configuration list for PBXProject "pokedex3" */;
			compatibilityVersion = "Xcode 3.2";
			developmentRegion = English;
			hasScannedForEncodings = 0;
			knownRegions = (
				en,
				Base,
			);
			mainGroup = AAED90801E88A04D003E1274;
			productRefGroup = AAED908A1E88A04D003E1274 /* Products */;
			projectDirPath = "";
			projectRoot = "";
			targets = (
				AAED90881E88A04D003E1274 /* pokedex3 */,
			);
		};
/* End PBXProject section */

/* Begin PBXResourcesBuildPhase section */
		AAED90871E88A04D003E1274 /* Resources */ = {
			isa = PBXResourcesBuildPhase;
			buildActionMask = 2147483647;
			files = (
				AAED90971E88A04D003E1274 /* LaunchScreen.storyboard in Resources */,
				AAED90941E88A04D003E1274 /* Assets.xcassets in Resources */,
				AAED90A11E88A8C4003E1274 /* pokemon.csv in Resources */,
				AAED90921E88A04D003E1274 /* Main.storyboard in Resources */,
			);
			runOnlyForDeploymentPostprocessing = 0;
		};
/* End PBXResourcesBuildPhase section */

/* Begin PBXSourcesBuildPhase section */
		AAED90851E88A04D003E1274 /* Sources */ = {
			isa = PBXSourcesBuildPhase;
			buildActionMask = 2147483647;
			files = (
				AAED908F1E88A04D003E1274 /* ViewController.swift in Sources */,
				AAED908D1E88A04D003E1274 /* AppDelegate.swift in Sources */,
			);
			runOnlyForDeploymentPostprocessing = 0;
		};
/* End PBXSourcesBuildPhase section */

/* Begin PBXVariantGroup section */
		AAED90901E88A04D003E1274 /* Main.storyboard */ = {
			isa = PBXVariantGroup;
			children = (
				AAED90911E88A04D003E1274 /* Base */,
			);
			name = Main.storyboard;
			sourceTree = "<group>";
		};
		AAED90951E88A04D003E1274 /* LaunchScreen.storyboard */ = {
			isa = PBXVariantGroup;
			children = (
				AAED90961E88A04D003E1274 /* Base */,
			);
			name = LaunchScreen.storyboard;
			sourceTree = "<group>";
		};
/* End PBXVariantGroup section */

/* Begin XCBuildConfiguration section */
		AAED90991E88A04D003E1274 /* Debug */ = {
			isa = XCBuildConfiguration;
			buildSettings = {
				ALWAYS_SEARCH_USER_PATHS = NO;
				CLANG_ANALYZER_NONNULL = YES;
				CLANG_CXX_LANGUAGE_STANDARD = "gnu++0x";
				CLANG_CXX_LIBRARY = "libc++";
				CLANG_ENABLE_MODULES = YES;
				CLANG_ENABLE_OBJC_ARC = YES;
				CLANG_WARN_BOOL_CONVERSION = YES;
				CLANG_WARN_CONSTANT_CONVERSION = YES;
				CLANG_WARN_DIRECT_OBJC_ISA_USAGE = YES_ERROR;
				CLANG_WARN_DOCUMENTATION_COMMENTS = YES;
				CLANG_WARN_EMPTY_BODY = YES;
				CLANG_WARN_ENUM_CONVERSION = YES;
				CLANG_WARN_INFINITE_RECURSION = YES;
				CLANG_WARN_INT_CONVERSION = YES;
				CLANG_WARN_OBJC_ROOT_CLASS = YES_ERROR;
				CLANG_WARN_SUSPICIOUS_MOVE = YES;
				CLANG_WARN_UNREACHABLE_CODE = YES;
				CLANG_WARN__DUPLICATE_METHOD_MATCH = YES;
				"CODE_SIGN_IDENTITY[sdk=iphoneos*]" = "iPhone Developer";
				COPY_PHASE_STRIP = NO;
				DEBUG_INFORMATION_FORMAT = dwarf;
				ENABLE_STRICT_OBJC_MSGSEND = YES;
				ENABLE_TESTABILITY = YES;
				GCC_C_LANGUAGE_STANDARD = gnu99;
				GCC_DYNAMIC_NO_PIC = NO;
				GCC_NO_COMMON_BLOCKS = YES;
				GCC_OPTIMIZATION_LEVEL = 0;
				GCC_PREPROCESSOR_DEFINITIONS = (
					"DEBUG=1",
					"$(inherited)",
				);
				GCC_WARN_64_TO_32_BIT_CONVERSION = YES;
				GCC_WARN_ABOUT_RETURN_TYPE = YES_ERROR;
				GCC_WARN_UNDECLARED_SELECTOR = YES;
				GCC_WARN_UNINITIALIZED_AUTOS = YES_AGGRESSIVE;
				GCC_WARN_UNUSED_FUNCTION = YES;
				GCC_WARN_UNUSED_VARIABLE = YES;
				IPHONEOS_DEPLOYMENT_TARGET = 10.2;
				MTL_ENABLE_DEBUG_INFO = YES;
				ONLY_ACTIVE_ARCH = YES;
				SDKROOT = iphoneos;
				SWIFT_ACTIVE_COMPILATION_CONDITIONS = DEBUG;
				SWIFT_OPTIMIZATION_LEVEL = "-Onone";
			};
			name = Debug;
		};
		AAED909A1E88A04D003E1274 /* Release */ = {
			isa = XCBuildConfiguration;
			buildSettings = {
				ALWAYS_SEARCH_USER_PATHS = NO;
				CLANG_ANALYZER_NONNULL = YES;
				CLANG_CXX_LANGUAGE_STANDARD = "gnu++0x";
				CLANG_CXX_LIBRARY = "libc++";
				CLANG_ENABLE_MODULES = YES;
				CLANG_ENABLE_OBJC_ARC = YES;
				CLANG_WARN_BOOL_CONVERSION = YES;
				CLANG_WARN_CONSTANT_CONVERSION = YES;
				CLANG_WARN_DIRECT_OBJC_ISA_USAGE = YES_ERROR;
				CLANG_WARN_DOCUMENTATION_COMMENTS = YES;
				CLANG_WARN_EMPTY_BODY = YES;
				CLANG_WARN_ENUM_CONVERSION = YES;
				CLANG_WARN_INFINITE_RECURSION = YES;
				CLANG_WARN_INT_CONVERSION = YES;
				CLANG_WARN_OBJC_ROOT_CLASS = YES_ERROR;
				CLANG_WARN_SUSPICIOUS_MOVE = YES;
				CLANG_WARN_UNREACHABLE_CODE = YES;
				CLANG_WARN__DUPLICATE_METHOD_MATCH = YES;
				"CODE_SIGN_IDENTITY[sdk=iphoneos*]" = "iPhone Developer";
				COPY_PHASE_STRIP = NO;
				DEBUG_INFORMATION_FORMAT = "dwarf-with-dsym";
				ENABLE_NS_ASSERTIONS = NO;
				ENABLE_STRICT_OBJC_MSGSEND = YES;
				GCC_C_LANGUAGE_STANDARD = gnu99;
				GCC_NO_COMMON_BLOCKS = YES;
				GCC_WARN_64_TO_32_BIT_CONVERSION = YES;
				GCC_WARN_ABOUT_RETURN_TYPE = YES_ERROR;
				GCC_WARN_UNDECLARED_SELECTOR = YES;
				GCC_WARN_UNINITIALIZED_AUTOS = YES_AGGRESSIVE;
				GCC_WARN_UNUSED_FUNCTION = YES;
				GCC_WARN_UNUSED_VARIABLE = YES;
				IPHONEOS_DEPLOYMENT_TARGET = 10.2;
				MTL_ENABLE_DEBUG_INFO = NO;
				SDKROOT = iphoneos;
				SWIFT_OPTIMIZATION_LEVEL = "-Owholemodule";
				VALIDATE_PRODUCT = YES;
			};
			name = Release;
		};
		AAED909C1E88A04D003E1274 /* Debug */ = {
			isa = XCBuildConfiguration;
			buildSettings = {
				ASSETCATALOG_COMPILER_APPICON_NAME = AppIcon;
				DEVELOPMENT_TEAM = LLDJUXZ7BP;
				INFOPLIST_FILE = pokedex3/Info.plist;
				LD_RUNPATH_SEARCH_PATHS = "$(inherited) @executable_path/Frameworks";
				PRODUCT_BUNDLE_IDENTIFIER = com.example.pokedex3;
				PRODUCT_NAME = "$(TARGET_NAME)";
				SWIFT_VERSION = 3.0;
			};
			name = Debug;
		};
		AAED909D1E88A04D003E1274 /* Release */ = {
			isa = XCBuildConfiguration;
			buildSettings = {
				ASSETCATALOG_COMPILER_APPICON_NAME = AppIcon;
				DEVELOPMENT_TEAM = LLDJUXZ7BP;
				INFOPLIST_FILE = pokedex3/Info.plist;
				LD_RUNPATH_SEARCH_PATHS = "$(inherited) @executable_path/Frameworks";
				PRODUCT_BUNDLE_IDENTIFIER = com.example.pokedex3;
				PRODUCT_NAME = "$(TARGET_NAME)";
				SWIFT_VERSION = 3.0;
			};
			name = Release;
		};
/* End XCBuildConfiguration section */

/* Begin XCConfigurationList section */
		AAED90841E88A04D003E1274 /* Build configuration list for PBXProject "pokedex3" */ = {
			isa = XCConfigurationList;
			buildConfigurations = (
				AAED90991E88A04D003E1274 /* Debug */,
				AAED909A1E88A04D003E1274 /* Release */,
			);
			defaultConfigurationIsVisible = 0;
			defaultConfigurationName = Release;
		};
		AAED909B1E88A04D003E1274 /* Build configuration list for PBXNativeTarget "pokedex3" */ = {
			isa = XCConfigurationList;
			buildConfigurations = (
				AAED909C1E88A04D003E1274 /* Debug */,
				AAED909D1E88A04D003E1274 /* Release */,
			);
			defaultConfigurationIsVisible = 0;
		};
/* End XCConfigurationList section */
	};
	rootObject = AAED90811E88A04D003E1274 /* Project object */;
}
